
Microsoft Visual Studio Solution File, Format Version 12.00
# Visual Studio Version 17
VisualStudioVersion = 17.14.36301.6 d17.14
MinimumVisualStudioVersion = 10.0.40219.1
Project("{FAE04EC0-301F-11D3-BF4B-00C04F79EFBC}") = "DependencyInjection_Pratik2", "DependencyInjection_Pratik2\DependencyInjection_Pratik2.csproj", "{F79CCEA1-BFC7-4168-AF80-1B1C6352BED9}"
EndProject
Global
	GlobalSection(SolutionConfigurationPlatforms) = preSolution
		Debug|Any CPU = Debug|Any CPU
		Release|Any CPU = Release|Any CPU
	EndGlobalSection
	GlobalSection(ProjectConfigurationPlatforms) = postSolution
		{F79CCEA1-BFC7-4168-AF80-1B1C6352BED9}.Debug|Any CPU.ActiveCfg = Debug|Any CPU
		{F79CCEA1-BFC7-4168-AF80-1B1C6352BED9}.Debug|Any CPU.Build.0 = Debug|Any CPU
		{F79CCEA1-BFC7-4168-AF80-1B1C6352BED9}.Release|Any CPU.ActiveCfg = Release|Any CPU
		{F79CCEA1-BFC7-4168-AF80-1B1C6352BED9}.Release|Any CPU.Build.0 = Release|Any CPU
	EndGlobalSection
	GlobalSection(SolutionProperties) = preSolution
		HideSolutionNode = FALSE
	EndGlobalSection
	GlobalSection(ExtensibilityGlobals) = postSolution
		SolutionGuid = {6B7AE783-B8F5-4136-A3C6-1062CA648D3E}
	EndGlobalSection
EndGlobal
