
Microsoft Visual Studio Solution File, Format Version 12.00
# Visual Studio Version 17
VisualStudioVersion = 17.14.36301.6 d17.14
MinimumVisualStudioVersion = 10.0.40219.1
Project("{FAE04EC0-301F-11D3-BF4B-00C04F79EFBC}") = "DependencyInjection_Pratik", "DependencyInjection_Pratik\DependencyInjection_Pratik.csproj", "{E1D388F2-E3EE-4ECF-B311-C9CD8A7AE27C}"
EndProject
Global
	GlobalSection(SolutionConfigurationPlatforms) = preSolution
		Debug|Any CPU = Debug|Any CPU
		Release|Any CPU = Release|Any CPU
	EndGlobalSection
	GlobalSection(ProjectConfigurationPlatforms) = postSolution
		{E1D388F2-E3EE-4ECF-B311-C9CD8A7AE27C}.Debug|Any CPU.ActiveCfg = Debug|Any CPU
		{E1D388F2-E3EE-4ECF-B311-C9CD8A7AE27C}.Debug|Any CPU.Build.0 = Debug|Any CPU
		{E1D388F2-E3EE-4ECF-B311-C9CD8A7AE27C}.Release|Any CPU.ActiveCfg = Release|Any CPU
		{E1D388F2-E3EE-4ECF-B311-C9CD8A7AE27C}.Release|Any CPU.Build.0 = Release|Any CPU
	EndGlobalSection
	GlobalSection(SolutionProperties) = preSolution
		HideSolutionNode = FALSE
	EndGlobalSection
	GlobalSection(ExtensibilityGlobals) = postSolution
		SolutionGuid = {6B7AE783-B8F5-4136-A3C6-1062CA648D3E}
	EndGlobalSection
EndGlobal
